// !$*UTF8*$!
{
	archiveVersion = 1;
	classes = {
	};
	objectVersion = 46;
	objects = {

/* Begin PBXBuildFile section */
		B8747B961B117F06008ACB6C /* main.m in Sources */ = {isa = PBXBuildFile; fileRef = B8747B951B117F06008ACB6C /* main.m */; };
		B8747B991B117F06008ACB6C /* AppDelegate.m in Sources */ = {isa = PBXBuildFile; fileRef = B8747B981B117F06008ACB6C /* AppDelegate.m */; };
		B8747B9C1B117F06008ACB6C /* MasterViewController.m in Sources */ = {isa = PBXBuildFile; fileRef = B8747B9B1B117F06008ACB6C /* MasterViewController.m */; };
		B8747B9F1B117F06008ACB6C /* DetailViewController.m in Sources */ = {isa = PBXBuildFile; fileRef = B8747B9E1B117F06008ACB6C /* DetailViewController.m */; };
		B8747BA21B117F06008ACB6C /* Main.storyboard in Resources */ = {isa = PBXBuildFile; fileRef = B8747BA01B117F06008ACB6C /* Main.storyboard */; };
		B8747BA41B117F06008ACB6C /* Images.xcassets in Resources */ = {isa = PBXBuildFile; fileRef = B8747BA31B117F06008ACB6C /* Images.xcassets */; };
		B8747BA71B117F06008ACB6C /* LaunchScreen.xib in Resources */ = {isa = PBXBuildFile; fileRef = B8747BA51B117F06008ACB6C /* LaunchScreen.xib */; };
		B8747BB31B117F06008ACB6C /* ProjectTests.m in Sources */ = {isa = PBXBuildFile; fileRef = B8747BB21B117F06008ACB6C /* ProjectTests.m */; };
		B8747C2F1B1181BD008ACB6C /* libBaseLib.a in Frameworks */ = {isa = PBXBuildFile; fileRef = B8747C1D1B118153008ACB6C /* libBaseLib.a */; };
		B8747C301B1181C3008ACB6C /* libBaseLib2.a in Frameworks */ = {isa = PBXBuildFile; fileRef = B8747C291B118172008ACB6C /* libBaseLib2.a */; };
/* End PBXBuildFile section */

/* Begin PBXContainerItemProxy section */
		B8747BAD1B117F06008ACB6C /* PBXContainerItemProxy */ = {
			isa = PBXContainerItemProxy;
			containerPortal = B8747B881B117F06008ACB6C /* Project object */;
			proxyType = 1;
			remoteGlobalIDString = B8747B8F1B117F06008ACB6C;
			remoteInfo = Project;
		};
		B8747C1C1B118153008ACB6C /* PBXContainerItemProxy */ = {
			isa = PBXContainerItemProxy;
			containerPortal = B8747BE81B117F5A008ACB6C /* BaseLib.xcodeproj */;
			proxyType = 2;
			remoteGlobalIDString = B8747BC51B117F30008ACB6C;
			remoteInfo = BaseLib;
		};
		B8747C1E1B118153008ACB6C /* PBXContainerItemProxy */ = {
			isa = PBXContainerItemProxy;
			containerPortal = B8747BE81B117F5A008ACB6C /* BaseLib.xcodeproj */;
			proxyType = 2;
			remoteGlobalIDString = B8747BD01B117F30008ACB6C;
			remoteInfo = BaseLibTests;
		};
		B8747C211B118167008ACB6C /* PBXContainerItemProxy */ = {
			isa = PBXContainerItemProxy;
			containerPortal = B8747BE81B117F5A008ACB6C /* BaseLib.xcodeproj */;
			proxyType = 1;
			remoteGlobalIDString = B8747BC41B117F30008ACB6C;
			remoteInfo = BaseLib;
		};
		B8747C281B118172008ACB6C /* PBXContainerItemProxy */ = {
			isa = PBXContainerItemProxy;
			containerPortal = B8747C231B118172008ACB6C /* BaseLib2.xcodeproj */;
			proxyType = 2;
			remoteGlobalIDString = B8747BFE1B118131008ACB6C;
			remoteInfo = BaseLib2;
		};
		B8747C2A1B118172008ACB6C /* PBXContainerItemProxy */ = {
			isa = PBXContainerItemProxy;
			containerPortal = B8747C231B118172008ACB6C /* BaseLib2.xcodeproj */;
			proxyType = 2;
			remoteGlobalIDString = B8747C091B118131008ACB6C;
			remoteInfo = BaseLib2Tests;
		};
		B8747C2D1B11817C008ACB6C /* PBXContainerItemProxy */ = {
			isa = PBXContainerItemProxy;
			containerPortal = B8747C231B118172008ACB6C /* BaseLib2.xcodeproj */;
			proxyType = 1;
			remoteGlobalIDString = B8747BFD1B118131008ACB6C;
			remoteInfo = BaseLib2;
		};
/* End PBXContainerItemProxy section */

/* Begin PBXFileReference section */
		B8747B901B117F06008ACB6C /* Project.app */ = {isa = PBXFileReference; explicitFileType = wrapper.application; includeInIndex = 0; path = Project.app; sourceTree = BUILT_PRODUCTS_DIR; };
		B8747B941B117F06008ACB6C /* Info.plist */ = {isa = PBXFileReference; lastKnownFileType = text.plist.xml; path = Info.plist; sourceTree = "<group>"; };
		B8747B951B117F06008ACB6C /* main.m */ = {isa = PBXFileReference; lastKnownFileType = sourcecode.c.objc; path = main.m; sourceTree = "<group>"; };
		B8747B971B117F06008ACB6C /* AppDelegate.h */ = {isa = PBXFileReference; lastKnownFileType = sourcecode.c.h; path = AppDelegate.h; sourceTree = "<group>"; };
		B8747B981B117F06008ACB6C /* AppDelegate.m */ = {isa = PBXFileReference; lastKnownFileType = sourcecode.c.objc; path = AppDelegate.m; sourceTree = "<group>"; };
		B8747B9A1B117F06008ACB6C /* MasterViewController.h */ = {isa = PBXFileReference; lastKnownFileType = sourcecode.c.h; path = MasterViewController.h; sourceTree = "<group>"; };
		B8747B9B1B117F06008ACB6C /* MasterViewController.m */ = {isa = PBXFileReference; lastKnownFileType = sourcecode.c.objc; path = MasterViewController.m; sourceTree = "<group>"; };
		B8747B9D1B117F06008ACB6C /* DetailViewController.h */ = {isa = PBXFileReference; lastKnownFileType = sourcecode.c.h; path = DetailViewController.h; sourceTree = "<group>"; };
		B8747B9E1B117F06008ACB6C /* DetailViewController.m */ = {isa = PBXFileReference; lastKnownFileType = sourcecode.c.objc; path = DetailViewController.m; sourceTree = "<group>"; };
		B8747BA11B117F06008ACB6C /* Base */ = {isa = PBXFileReference; lastKnownFileType = file.storyboard; name = Base; path = Base.lproj/Main.storyboard; sourceTree = "<group>"; };
		B8747BA31B117F06008ACB6C /* Images.xcassets */ = {isa = PBXFileReference; lastKnownFileType = folder.assetcatalog; path = Images.xcassets; sourceTree = "<group>"; };
		B8747BA61B117F06008ACB6C /* Base */ = {isa = PBXFileReference; lastKnownFileType = file.xib; name = Base; path = Base.lproj/LaunchScreen.xib; sourceTree = "<group>"; };
		B8747BAC1B117F06008ACB6C /* ProjectTests.xctest */ = {isa = PBXFileReference; explicitFileType = wrapper.cfbundle; includeInIndex = 0; path = ProjectTests.xctest; sourceTree = BUILT_PRODUCTS_DIR; };
		B8747BB11B117F06008ACB6C /* Info.plist */ = {isa = PBXFileReference; lastKnownFileType = text.plist.xml; path = Info.plist; sourceTree = "<group>"; };
		B8747BB21B117F06008ACB6C /* ProjectTests.m */ = {isa = PBXFileReference; lastKnownFileType = sourcecode.c.objc; path = ProjectTests.m; sourceTree = "<group>"; };
		B8747BE81B117F5A008ACB6C /* BaseLib.xcodeproj */ = {isa = PBXFileReference; lastKnownFileType = "wrapper.pb-project"; name = BaseLib.xcodeproj; path = ../../BaseLib/BaseLib.xcodeproj; sourceTree = "<group>"; };
		B8747C231B118172008ACB6C /* BaseLib2.xcodeproj */ = {isa = PBXFileReference; lastKnownFileType = "wrapper.pb-project"; name = BaseLib2.xcodeproj; path = ../../BaseLib2/BaseLib2.xcodeproj; sourceTree = "<group>"; };
/* End PBXFileReference section */

/* Begin PBXFrameworksBuildPhase section */
		B8747B8D1B117F06008ACB6C /* Frameworks */ = {
			isa = PBXFrameworksBuildPhase;
			buildActionMask = 2147483647;
			files = (
				B8747C301B1181C3008ACB6C /* libBaseLib2.a in Frameworks */,
				B8747C2F1B1181BD008ACB6C /* libBaseLib.a in Frameworks */,
			);
			runOnlyForDeploymentPostprocessing = 0;
		};
		B8747BA91B117F06008ACB6C /* Frameworks */ = {
			isa = PBXFrameworksBuildPhase;
			buildActionMask = 2147483647;
			files = (
			);
			runOnlyForDeploymentPostprocessing = 0;
		};
/* End PBXFrameworksBuildPhase section */

/* Begin PBXGroup section */
		B8747B871B117F06008ACB6C = {
			isa = PBXGroup;
			children = (
				B8747B921B117F06008ACB6C /* Project */,
				B8747BAF1B117F06008ACB6C /* ProjectTests */,
				B8747B911B117F06008ACB6C /* Products */,
			);
			sourceTree = "<group>";
		};
		B8747B911B117F06008ACB6C /* Products */ = {
			isa = PBXGroup;
			children = (
				B8747B901B117F06008ACB6C /* Project.app */,
				B8747BAC1B117F06008ACB6C /* ProjectTests.xctest */,
			);
			name = Products;
			sourceTree = "<group>";
		};
		B8747B921B117F06008ACB6C /* Project */ = {
			isa = PBXGroup;
			children = (
				B8747B971B117F06008ACB6C /* AppDelegate.h */,
				B8747B981B117F06008ACB6C /* AppDelegate.m */,
				B8747B9A1B117F06008ACB6C /* MasterViewController.h */,
				B8747B9B1B117F06008ACB6C /* MasterViewController.m */,
				B8747B9D1B117F06008ACB6C /* DetailViewController.h */,
				B8747B9E1B117F06008ACB6C /* DetailViewController.m */,
				B8747BA01B117F06008ACB6C /* Main.storyboard */,
				B8747BA31B117F06008ACB6C /* Images.xcassets */,
				B8747BA51B117F06008ACB6C /* LaunchScreen.xib */,
				B8747B931B117F06008ACB6C /* Supporting Files */,
			);
			path = Project;
			sourceTree = "<group>";
		};
		B8747B931B117F06008ACB6C /* Supporting Files */ = {
			isa = PBXGroup;
			children = (
				B8747BE81B117F5A008ACB6C /* BaseLib.xcodeproj */,
				B8747C231B118172008ACB6C /* BaseLib2.xcodeproj */,
				B8747B941B117F06008ACB6C /* Info.plist */,
				B8747B951B117F06008ACB6C /* main.m */,
			);
			name = "Supporting Files";
			sourceTree = "<group>";
		};
		B8747BAF1B117F06008ACB6C /* ProjectTests */ = {
			isa = PBXGroup;
			children = (
				B8747BB21B117F06008ACB6C /* ProjectTests.m */,
				B8747BB01B117F06008ACB6C /* Supporting Files */,
			);
			path = ProjectTests;
			sourceTree = "<group>";
		};
		B8747BB01B117F06008ACB6C /* Supporting Files */ = {
			isa = PBXGroup;
			children = (
				B8747BB11B117F06008ACB6C /* Info.plist */,
			);
			name = "Supporting Files";
			sourceTree = "<group>";
		};
		B8747C181B118153008ACB6C /* Products */ = {
			isa = PBXGroup;
			children = (
				B8747C1D1B118153008ACB6C /* libBaseLib.a */,
				B8747C1F1B118153008ACB6C /* BaseLibTests.xctest */,
			);
			name = Products;
			sourceTree = "<group>";
		};
		B8747C241B118172008ACB6C /* Products */ = {
			isa = PBXGroup;
			children = (
				B8747C291B118172008ACB6C /* libBaseLib2.a */,
				B8747C2B1B118172008ACB6C /* BaseLib2Tests.xctest */,
			);
			name = Products;
			sourceTree = "<group>";
		};
/* End PBXGroup section */

/* Begin PBXNativeTarget section */
		B8747B8F1B117F06008ACB6C /* Project */ = {
			isa = PBXNativeTarget;
			buildConfigurationList = B8747BB61B117F06008ACB6C /* Build configuration list for PBXNativeTarget "Project" */;
			buildPhases = (
				B8747B8C1B117F06008ACB6C /* Sources */,
				B8747B8D1B117F06008ACB6C /* Frameworks */,
				B8747B8E1B117F06008ACB6C /* Resources */,
			);
			buildRules = (
			);
			dependencies = (
				B8747C2E1B11817C008ACB6C /* PBXTargetDependency */,
				B8747C221B118167008ACB6C /* PBXTargetDependency */,
			);
			name = Project;
			productName = Project;
			productReference = B8747B901B117F06008ACB6C /* Project.app */;
			productType = "com.apple.product-type.application";
		};
		B8747BAB1B117F06008ACB6C /* ProjectTests */ = {
			isa = PBXNativeTarget;
			buildConfigurationList = B8747BB91B117F06008ACB6C /* Build configuration list for PBXNativeTarget "ProjectTests" */;
			buildPhases = (
				B8747BA81B117F06008ACB6C /* Sources */,
				B8747BA91B117F06008ACB6C /* Frameworks */,
				B8747BAA1B117F06008ACB6C /* Resources */,
			);
			buildRules = (
			);
			dependencies = (
				B8747BAE1B117F06008ACB6C /* PBXTargetDependency */,
			);
			name = ProjectTests;
			productName = ProjectTests;
			productReference = B8747BAC1B117F06008ACB6C /* ProjectTests.xctest */;
			productType = "com.apple.product-type.bundle.unit-test";
		};
/* End PBXNativeTarget section */

/* Begin PBXProject section */
		B8747B881B117F06008ACB6C /* Project object */ = {
			isa = PBXProject;
			attributes = {
				LastUpgradeCheck = 0620;
				ORGANIZATIONNAME = wildyao;
				TargetAttributes = {
					B8747B8F1B117F06008ACB6C = {
						CreatedOnToolsVersion = 6.2;
					};
					B8747BAB1B117F06008ACB6C = {
						CreatedOnToolsVersion = 6.2;
						TestTargetID = B8747B8F1B117F06008ACB6C;
					};
				};
			};
			buildConfigurationList = B8747B8B1B117F06008ACB6C /* Build configuration list for PBXProject "Project" */;
			compatibilityVersion = "Xcode 3.2";
			developmentRegion = English;
			hasScannedForEncodings = 0;
			knownRegions = (
				en,
				Base,
			);
			mainGroup = B8747B871B117F06008ACB6C;
			productRefGroup = B8747B911B117F06008ACB6C /* Products */;
			projectDirPath = "";
			projectReferences = (
				{
					ProductGroup = B8747C181B118153008ACB6C /* Products */;
					ProjectRef = B8747BE81B117F5A008ACB6C /* BaseLib.xcodeproj */;
				},
				{
					ProductGroup = B8747C241B118172008ACB6C /* Products */;
					ProjectRef = B8747C231B118172008ACB6C /* BaseLib2.xcodeproj */;
				},
			);
			projectRoot = "";
			targets = (
				B8747B8F1B117F06008ACB6C /* Project */,
				B8747BAB1B117F06008ACB6C /* ProjectTests */,
			);
		};
/* End PBXProject section */

/* Begin PBXReferenceProxy section */
		B8747C1D1B118153008ACB6C /* libBaseLib.a */ = {
			isa = PBXReferenceProxy;
			fileType = archive.ar;
			path = libBaseLib.a;
			remoteRef = B8747C1C1B118153008ACB6C /* PBXContainerItemProxy */;
			sourceTree = BUILT_PRODUCTS_DIR;
		};
		B8747C1F1B118153008ACB6C /* BaseLibTests.xctest */ = {
			isa = PBXReferenceProxy;
			fileType = wrapper.cfbundle;
			path = BaseLibTests.xctest;
			remoteRef = B8747C1E1B118153008ACB6C /* PBXContainerItemProxy */;
			sourceTree = BUILT_PRODUCTS_DIR;
		};
		B8747C291B118172008ACB6C /* libBaseLib2.a */ = {
			isa = PBXReferenceProxy;
			fileType = archive.ar;
			path = libBaseLib2.a;
			remoteRef = B8747C281B118172008ACB6C /* PBXContainerItemProxy */;
			sourceTree = BUILT_PRODUCTS_DIR;
		};
		B8747C2B1B118172008ACB6C /* BaseLib2Tests.xctest */ = {
			isa = PBXReferenceProxy;
			fileType = wrapper.cfbundle;
			path = BaseLib2Tests.xctest;
			remoteRef = B8747C2A1B118172008ACB6C /* PBXContainerItemProxy */;
			sourceTree = BUILT_PRODUCTS_DIR;
		};
/* End PBXReferenceProxy section */

/* Begin PBXResourcesBuildPhase section */
		B8747B8E1B117F06008ACB6C /* Resources */ = {
			isa = PBXResourcesBuildPhase;
			buildActionMask = 2147483647;
			files = (
				B8747BA21B117F06008ACB6C /* Main.storyboard in Resources */,
				B8747BA71B117F06008ACB6C /* LaunchScreen.xib in Resources */,
				B8747BA41B117F06008ACB6C /* Images.xcassets in Resources */,
			);
			runOnlyForDeploymentPostprocessing = 0;
		};
		B8747BAA1B117F06008ACB6C /* Resources */ = {
			isa = PBXResourcesBuildPhase;
			buildActionMask = 2147483647;
			files = (
			);
			runOnlyForDeploymentPostprocessing = 0;
		};
/* End PBXResourcesBuildPhase section */

/* Begin PBXSourcesBuildPhase section */
		B8747B8C1B117F06008ACB6C /* Sources */ = {
			isa = PBXSourcesBuildPhase;
			buildActionMask = 2147483647;
			files = (
				B8747B991B117F06008ACB6C /* AppDelegate.m in Sources */,
				B8747B9C1B117F06008ACB6C /* MasterViewController.m in Sources */,
				B8747B961B117F06008ACB6C /* main.m in Sources */,
				B8747B9F1B117F06008ACB6C /* DetailViewController.m in Sources */,
			);
			runOnlyForDeploymentPostprocessing = 0;
		};
		B8747BA81B117F06008ACB6C /* Sources */ = {
			isa = PBXSourcesBuildPhase;
			buildActionMask = 2147483647;
			files = (
				B8747BB31B117F06008ACB6C /* ProjectTests.m in Sources */,
			);
			runOnlyForDeploymentPostprocessing = 0;
		};
/* End PBXSourcesBuildPhase section */

/* Begin PBXTargetDependency section */
		B8747BAE1B117F06008ACB6C /* PBXTargetDependency */ = {
			isa = PBXTargetDependency;
			target = B8747B8F1B117F06008ACB6C /* Project */;
			targetProxy = B8747BAD1B117F06008ACB6C /* PBXContainerItemProxy */;
		};
		B8747C221B118167008ACB6C /* PBXTargetDependency */ = {
			isa = PBXTargetDependency;
			name = BaseLib;
			targetProxy = B8747C211B118167008ACB6C /* PBXContainerItemProxy */;
		};
		B8747C2E1B11817C008ACB6C /* PBXTargetDependency */ = {
			isa = PBXTargetDependency;
			name = BaseLib2;
			targetProxy = B8747C2D1B11817C008ACB6C /* PBXContainerItemProxy */;
		};
/* End PBXTargetDependency section */

/* Begin PBXVariantGroup section */
		B8747BA01B117F06008ACB6C /* Main.storyboard */ = {
			isa = PBXVariantGroup;
			children = (
				B8747BA11B117F06008ACB6C /* Base */,
			);
			name = Main.storyboard;
			sourceTree = "<group>";
		};
		B8747BA51B117F06008ACB6C /* LaunchScreen.xib */ = {
			isa = PBXVariantGroup;
			children = (
				B8747BA61B117F06008ACB6C /* Base */,
			);
			name = LaunchScreen.xib;
			sourceTree = "<group>";
		};
/* End PBXVariantGroup section */

/* Begin XCBuildConfiguration section */
		B8747BB41B117F06008ACB6C /* Debug */ = {
			isa = XCBuildConfiguration;
			buildSettings = {
				ALWAYS_SEARCH_USER_PATHS = NO;
				CLANG_CXX_LANGUAGE_STANDARD = "gnu++0x";
				CLANG_CXX_LIBRARY = "libc++";
				CLANG_ENABLE_MODULES = YES;
				CLANG_ENABLE_OBJC_ARC = YES;
				CLANG_WARN_BOOL_CONVERSION = YES;
				CLANG_WARN_CONSTANT_CONVERSION = YES;
				CLANG_WARN_DIRECT_OBJC_ISA_USAGE = YES_ERROR;
				CLANG_WARN_EMPTY_BODY = YES;
				CLANG_WARN_ENUM_CONVERSION = YES;
				CLANG_WARN_INT_CONVERSION = YES;
				CLANG_WARN_OBJC_ROOT_CLASS = YES_ERROR;
				CLANG_WARN_UNREACHABLE_CODE = YES;
				CLANG_WARN__DUPLICATE_METHOD_MATCH = YES;
				"CODE_SIGN_IDENTITY[sdk=iphoneos*]" = "iPhone Developer";
				COPY_PHASE_STRIP = NO;
				ENABLE_STRICT_OBJC_MSGSEND = YES;
				GCC_C_LANGUAGE_STANDARD = gnu99;
				GCC_DYNAMIC_NO_PIC = NO;
				GCC_OPTIMIZATION_LEVEL = 0;
				GCC_PREPROCESSOR_DEFINITIONS = (
					"DEBUG=1",
					"$(inherited)",
				);
				GCC_SYMBOLS_PRIVATE_EXTERN = NO;
				GCC_WARN_64_TO_32_BIT_CONVERSION = YES;
				GCC_WARN_ABOUT_RETURN_TYPE = YES_ERROR;
				GCC_WARN_UNDECLARED_SELECTOR = YES;
				GCC_WARN_UNINITIALIZED_AUTOS = YES_AGGRESSIVE;
				GCC_WARN_UNUSED_FUNCTION = YES;
				GCC_WARN_UNUSED_VARIABLE = YES;
				IPHONEOS_DEPLOYMENT_TARGET = 8.2;
				MTL_ENABLE_DEBUG_INFO = YES;
				ONLY_ACTIVE_ARCH = YES;
				SDKROOT = iphoneos;
			};
			name = Debug;
		};
		B8747BB51B117F06008ACB6C /* Release */ = {
			isa = XCBuildConfiguration;
			buildSettings = {
				ALWAYS_SEARCH_USER_PATHS = NO;
				CLANG_CXX_LANGUAGE_STANDARD = "gnu++0x";
				CLANG_CXX_LIBRARY = "libc++";
				CLANG_ENABLE_MODULES = YES;
				CLANG_ENABLE_OBJC_ARC = YES;
				CLANG_WARN_BOOL_CONVERSION = YES;
				CLANG_WARN_CONSTANT_CONVERSION = YES;
				CLANG_WARN_DIRECT_OBJC_ISA_USAGE = YES_ERROR;
				CLANG_WARN_EMPTY_BODY = YES;
				CLANG_WARN_ENUM_CONVERSION = YES;
				CLANG_WARN_INT_CONVERSION = YES;
				CLANG_WARN_OBJC_ROOT_CLASS = YES_ERROR;
				CLANG_WARN_UNREACHABLE_CODE = YES;
				CLANG_WARN__DUPLICATE_METHOD_MATCH = YES;
				"CODE_SIGN_IDENTITY[sdk=iphoneos*]" = "iPhone Developer";
				COPY_PHASE_STRIP = NO;
				ENABLE_NS_ASSERTIONS = NO;
				ENABLE_STRICT_OBJC_MSGSEND = YES;
				GCC_C_LANGUAGE_STANDARD = gnu99;
				GCC_WARN_64_TO_32_BIT_CONVERSION = YES;
				GCC_WARN_ABOUT_RETURN_TYPE = YES_ERROR;
				GCC_WARN_UNDECLARED_SELECTOR = YES;
				GCC_WARN_UNINITIALIZED_AUTOS = YES_AGGRESSIVE;
				GCC_WARN_UNUSED_FUNCTION = YES;
				GCC_WARN_UNUSED_VARIABLE = YES;
				IPHONEOS_DEPLOYMENT_TARGET = 8.2;
				MTL_ENABLE_DEBUG_INFO = NO;
				SDKROOT = iphoneos;
				VALIDATE_PRODUCT = YES;
			};
			name = Release;
		};
		B8747BB71B117F06008ACB6C /* Debug */ = {
			isa = XCBuildConfiguration;
			buildSettings = {
				ASSETCATALOG_COMPILER_APPICON_NAME = AppIcon;
				HEADER_SEARCH_PATHS = (
					"../BaseLib/**",
					"../BaseLib2/**",
				);
				INFOPLIST_FILE = Project/Info.plist;
				LD_RUNPATH_SEARCH_PATHS = "$(inherited) @executable_path/Frameworks";
				LIBRARY_SEARCH_PATHS = (
					"$(inherited)",
					"/Users/Wildyao/Documents/GitProject/工程依赖Project/BaseLib/build/Debug-iphoneos",
				);
				PRODUCT_NAME = "$(TARGET_NAME)";
			};
			name = Debug;
		};
		B8747BB81B117F06008ACB6C /* Release */ = {
			isa = XCBuildConfiguration;
			buildSettings = {
				ASSETCATALOG_COMPILER_APPICON_NAME = AppIcon;
				HEADER_SEARCH_PATHS = (
					"../BaseLib/**",
					"../BaseLib2/**",
				);
				INFOPLIST_FILE = Project/Info.plist;
				LD_RUNPATH_SEARCH_PATHS = "$(inherited) @executable_path/Frameworks";
				LIBRARY_SEARCH_PATHS = (
					"$(inherited)",
					"/Users/Wildyao/Documents/GitProject/工程依赖Project/BaseLib/build/Debug-iphoneos",
				);
				PRODUCT_NAME = "$(TARGET_NAME)";
			};
			name = Release;
		};
		B8747BBA1B117F06008ACB6C /* Debug */ = {
			isa = XCBuildConfiguration;
			buildSettings = {
				BUNDLE_LOADER = "$(TEST_HOST)";
				FRAMEWORK_SEARCH_PATHS = (
					"$(SDKROOT)/Developer/Library/Frameworks",
					"$(inherited)",
				);
				GCC_PREPROCESSOR_DEFINITIONS = (
					"DEBUG=1",
					"$(inherited)",
				);
				INFOPLIST_FILE = ProjectTests/Info.plist;
				LD_RUNPATH_SEARCH_PATHS = "$(inherited) @executable_path/Frameworks @loader_path/Frameworks";
				PRODUCT_NAME = "$(TARGET_NAME)";
				TEST_HOST = "$(BUILT_PRODUCTS_DIR)/Project.app/Project";
			};
			name = Debug;
		};
		B8747BBB1B117F06008ACB6C /* Release */ = {
			isa = XCBuildConfiguration;
			buildSettings = {
				BUNDLE_LOADER = "$(TEST_HOST)";
				FRAMEWORK_SEARCH_PATHS = (
					"$(SDKROOT)/Developer/Library/Frameworks",
					"$(inherited)",
				);
				INFOPLIST_FILE = ProjectTests/Info.plist;
				LD_RUNPATH_SEARCH_PATHS = "$(inherited) @executable_path/Frameworks @loader_path/Frameworks";
				PRODUCT_NAME = "$(TARGET_NAME)";
				TEST_HOST = "$(BUILT_PRODUCTS_DIR)/Project.app/Project";
			};
			name = Release;
		};
/* End XCBuildConfiguration section */

/* Begin XCConfigurationList section */
		B8747B8B1B117F06008ACB6C /* Build configuration list for PBXProject "Project" */ = {
			isa = XCConfigurationList;
			buildConfigurations = (
				B8747BB41B117F06008ACB6C /* Debug */,
				B8747BB51B117F06008ACB6C /* Release */,
			);
			defaultConfigurationIsVisible = 0;
			defaultConfigurationName = Release;
		};
		B8747BB61B117F06008ACB6C /* Build configuration list for PBXNativeTarget "Project" */ = {
			isa = XCConfigurationList;
			buildConfigurations = (
				B8747BB71B117F06008ACB6C /* Debug */,
				B8747BB81B117F06008ACB6C /* Release */,
			);
			defaultConfigurationIsVisible = 0;
			defaultConfigurationName = Release;
		};
		B8747BB91B117F06008ACB6C /* Build configuration list for PBXNativeTarget "ProjectTests" */ = {
			isa = XCConfigurationList;
			buildConfigurations = (
				B8747BBA1B117F06008ACB6C /* Debug */,
				B8747BBB1B117F06008ACB6C /* Release */,
			);
			defaultConfigurationIsVisible = 0;
			defaultConfigurationName = Release;
		};
/* End XCConfigurationList section */
	};
	rootObject = B8747B881B117F06008ACB6C /* Project object */;
}
